
Microsoft Visual Studio Solution File, Format Version 12.00
# Visual Studio 15
VisualStudioVersion = 15.0.27130.2026
MinimumVisualStudioVersion = 10.0.40219.1
Project("{FAE04EC0-301F-11D3-BF4B-00C04F79EFBC}") = "SiteServer.API", "..\..\..\SiteServer.API.csproj", "{69C00F60-F28A-4CBC-B1A4-2DB73BB97471}"
EndProject
Project("{FAE04EC0-301F-11D3-BF4B-00C04F79EFBC}") = "SS.Form", "SS.Form.csproj", "{47512B4C-96A7-4864-B193-F611C0597A9E}"
EndProject
Project("{FAE04EC0-301F-11D3-BF4B-00C04F79EFBC}") = "SS.SMS", "..\SS.SMS\SS.SMS.csproj", "{9ED0F176-D629-495C-92F4-E641BE7CCDF8}"
EndProject
Global
	GlobalSection(SolutionConfigurationPlatforms) = preSolution
		Debug|Any CPU = Debug|Any CPU
		Release|Any CPU = Release|Any CPU
	EndGlobalSection
	GlobalSection(ProjectConfigurationPlatforms) = postSolution
		{69C00F60-F28A-4CBC-B1A4-2DB73BB97471}.Debug|Any CPU.ActiveCfg = Debug|Any CPU
		{69C00F60-F28A-4CBC-B1A4-2DB73BB97471}.Debug|Any CPU.Build.0 = Debug|Any CPU
		{69C00F60-F28A-4CBC-B1A4-2DB73BB97471}.Release|Any CPU.ActiveCfg = Release|Any CPU
		{69C00F60-F28A-4CBC-B1A4-2DB73BB97471}.Release|Any CPU.Build.0 = Release|Any CPU
		{47512B4C-96A7-4864-B193-F611C0597A9E}.Debug|Any CPU.ActiveCfg = Debug|Any CPU
		{47512B4C-96A7-4864-B193-F611C0597A9E}.Debug|Any CPU.Build.0 = Debug|Any CPU
		{47512B4C-96A7-4864-B193-F611C0597A9E}.Release|Any CPU.ActiveCfg = Release|Any CPU
		{47512B4C-96A7-4864-B193-F611C0597A9E}.Release|Any CPU.Build.0 = Release|Any CPU
		{9ED0F176-D629-495C-92F4-E641BE7CCDF8}.Debug|Any CPU.ActiveCfg = Debug|Any CPU
		{9ED0F176-D629-495C-92F4-E641BE7CCDF8}.Debug|Any CPU.Build.0 = Debug|Any CPU
		{9ED0F176-D629-495C-92F4-E641BE7CCDF8}.Release|Any CPU.ActiveCfg = Release|Any CPU
		{9ED0F176-D629-495C-92F4-E641BE7CCDF8}.Release|Any CPU.Build.0 = Release|Any CPU
	EndGlobalSection
	GlobalSection(SolutionProperties) = preSolution
		HideSolutionNode = FALSE
	EndGlobalSection
	GlobalSection(ExtensibilityGlobals) = postSolution
		SolutionGuid = {BAB0AA7F-0F1D-4D20-B26B-5FF6E06CFD5A}
	EndGlobalSection
EndGlobal
